{
  "name": "@deskproapps/app-boilerplate-react",
  "version": "0.1.0",
  "dependencies": {
    "@deskproapps/deskproapps-sdk-core": {
      "version": "1.0.0-beta.9",
      "from": "@deskproapps/deskproapps-sdk-core@1.0.0-beta.9",
      "resolved": "https://registry.npmjs.org/@deskproapps/deskproapps-sdk-core/-/deskproapps-sdk-core-1.0.0-beta.9.tgz"
    },
    "@deskproapps/deskproapps-sdk-react": {
      "version": "1.0.0-beta.3",
      "from": "@deskproapps/deskproapps-sdk-react@1.0.0-beta.3",
      "resolved": "https://registry.npmjs.org/@deskproapps/deskproapps-sdk-react/-/deskproapps-sdk-react-1.0.0-beta.3.tgz"
    },
    "align-text": {
      "version": "0.1.4",
      "from": "align-text@>=0.1.3 <0.2.0",
      "resolved": "https://registry.npmjs.org/align-text/-/align-text-0.1.4.tgz"
    },
    "amdefine": {
      "version": "1.0.1",
      "from": "amdefine@>=0.0.4",
      "resolved": "https://registry.npmjs.org/amdefine/-/amdefine-1.0.1.tgz"
    },
    "ansi-regex": {
      "version": "2.1.1",
      "from": "ansi-regex@>=2.0.0 <3.0.0",
      "resolved": "https://registry.npmjs.org/ansi-regex/-/ansi-regex-2.1.1.tgz"
    },
    "ansi-styles": {
      "version": "2.2.1",
      "from": "ansi-styles@>=2.2.1 <3.0.0",
      "resolved": "https://registry.npmjs.org/ansi-styles/-/ansi-styles-2.2.1.tgz"
    },
    "asap": {
      "version": "2.0.6",
      "from": "asap@>=2.0.3 <2.1.0",
      "resolved": "https://registry.npmjs.org/asap/-/asap-2.0.6.tgz"
    },
    "async": {
      "version": "1.5.2",
      "from": "async@>=1.4.0 <2.0.0",
      "resolved": "https://registry.npmjs.org/async/-/async-1.5.2.tgz"
    },
    "babel-code-frame": {
      "version": "6.22.0",
      "from": "babel-code-frame@>=6.22.0 <7.0.0",
      "resolved": "https://registry.npmjs.org/babel-code-frame/-/babel-code-frame-6.22.0.tgz"
    },
    "babel-eslint": {
      "version": "6.1.2",
      "from": "babel-eslint@>=6.0.4 <7.0.0",
      "resolved": "https://registry.npmjs.org/babel-eslint/-/babel-eslint-6.1.2.tgz"
    },
    "babel-messages": {
      "version": "6.23.0",
      "from": "babel-messages@>=6.23.0 <7.0.0",
      "resolved": "https://registry.npmjs.org/babel-messages/-/babel-messages-6.23.0.tgz"
    },
    "babel-runtime": {
      "version": "6.23.0",
      "from": "babel-runtime@>=6.22.0 <7.0.0",
      "resolved": "https://registry.npmjs.org/babel-runtime/-/babel-runtime-6.23.0.tgz"
    },
    "babel-traverse": {
      "version": "6.25.0",
      "from": "babel-traverse@>=6.0.20 <7.0.0",
      "resolved": "https://registry.npmjs.org/babel-traverse/-/babel-traverse-6.25.0.tgz"
    },
    "babel-types": {
      "version": "6.25.0",
      "from": "babel-types@>=6.0.19 <7.0.0",
      "resolved": "https://registry.npmjs.org/babel-types/-/babel-types-6.25.0.tgz"
    },
    "babylon": {
      "version": "6.17.4",
      "from": "babylon@>=6.0.18 <7.0.0",
      "resolved": "https://registry.npmjs.org/babylon/-/babylon-6.17.4.tgz"
    },
    "batch-processor": {
      "version": "1.0.0",
      "from": "batch-processor@>=1.0.0 <2.0.0",
      "resolved": "https://registry.npmjs.org/batch-processor/-/batch-processor-1.0.0.tgz"
    },
    "beaver-logger": {
      "version": "2.0.8",
      "from": "beaver-logger@>=2.0.0 <3.0.0",
      "resolved": "https://registry.npmjs.org/beaver-logger/-/beaver-logger-2.0.8.tgz"
    },
    "camelcase": {
      "version": "1.2.1",
      "from": "camelcase@>=1.0.2 <2.0.0",
      "resolved": "https://registry.npmjs.org/camelcase/-/camelcase-1.2.1.tgz",
      "optional": true
    },
    "center-align": {
      "version": "0.1.3",
      "from": "center-align@>=0.1.1 <0.2.0",
      "resolved": "https://registry.npmjs.org/center-align/-/center-align-0.1.3.tgz",
      "optional": true
    },
    "chalk": {
      "version": "1.1.3",
      "from": "chalk@>=1.1.0 <2.0.0",
      "resolved": "https://registry.npmjs.org/chalk/-/chalk-1.1.3.tgz"
    },
    "classnames": {
      "version": "2.2.5",
      "from": "classnames@>=2.1.5 <3.0.0",
      "resolved": "https://registry.npmjs.org/classnames/-/classnames-2.2.5.tgz"
    },
    "cliui": {
      "version": "2.1.0",
      "from": "cliui@>=2.1.0 <3.0.0",
      "resolved": "https://registry.npmjs.org/cliui/-/cliui-2.1.0.tgz",
      "optional": true,
      "dependencies": {
        "wordwrap": {
          "version": "0.0.2",
          "from": "wordwrap@0.0.2",
          "resolved": "https://registry.npmjs.org/wordwrap/-/wordwrap-0.0.2.tgz",
          "optional": true
        }
      }
    },
    "clone": {
      "version": "1.0.2",
      "from": "clone@1.0.2",
      "resolved": "https://registry.npmjs.org/clone/-/clone-1.0.2.tgz"
    },
    "core-js": {
      "version": "2.4.1",
      "from": "core-js@>=2.4.0 <3.0.0",
      "resolved": "https://registry.npmjs.org/core-js/-/core-js-2.4.1.tgz"
    },
    "debug": {
      "version": "2.6.8",
      "from": "debug@>=2.2.0 <3.0.0",
      "resolved": "https://registry.npmjs.org/debug/-/debug-2.6.8.tgz"
    },
    "decamelize": {
      "version": "1.2.0",
      "from": "decamelize@>=1.0.0 <2.0.0",
      "resolved": "https://registry.npmjs.org/decamelize/-/decamelize-1.2.0.tgz"
    },
    "deep-extend": {
      "version": "0.4.1",
      "from": "deep-extend@0.4.1",
      "resolved": "https://registry.npmjs.org/deep-extend/-/deep-extend-0.4.1.tgz"
    },
    "element-resize-detector": {
      "version": "1.1.12",
      "from": "element-resize-detector@>=1.1.12 <2.0.0",
      "resolved": "https://registry.npmjs.org/element-resize-detector/-/element-resize-detector-1.1.12.tgz"
    },
    "encoding": {
      "version": "0.1.12",
      "from": "encoding@>=0.1.11 <0.2.0",
      "resolved": "https://registry.npmjs.org/encoding/-/encoding-0.1.12.tgz"
    },
    "es6-promise": {
      "version": "3.3.1",
      "from": "es6-promise@>=3.1.2 <4.0.0",
      "resolved": "https://registry.npmjs.org/es6-promise/-/es6-promise-3.3.1.tgz"
    },
    "es6-promise-min": {
      "version": "2.0.1",
      "from": "es6-promise-min@>=2.0.1 <3.0.0",
      "resolved": "https://registry.npmjs.org/es6-promise-min/-/es6-promise-min-2.0.1.tgz"
    },
    "escape-string-regexp": {
      "version": "1.0.5",
      "from": "escape-string-regexp@>=1.0.2 <2.0.0",
      "resolved": "https://registry.npmjs.org/escape-string-regexp/-/escape-string-regexp-1.0.5.tgz"
    },
    "esutils": {
      "version": "2.0.2",
      "from": "esutils@>=2.0.2 <3.0.0",
      "resolved": "https://registry.npmjs.org/esutils/-/esutils-2.0.2.tgz"
    },
    "eventemitter3": {
      "version": "2.0.3",
      "from": "eventemitter3@2.0.3",
      "resolved": "https://registry.npmjs.org/eventemitter3/-/eventemitter3-2.0.3.tgz"
    },
    "fbjs": {
      "version": "0.8.12",
      "from": "fbjs@>=0.8.9 <0.9.0",
      "resolved": "https://registry.npmjs.org/fbjs/-/fbjs-0.8.12.tgz",
      "dependencies": {
        "core-js": {
          "version": "1.2.7",
          "from": "core-js@>=1.0.0 <2.0.0",
          "resolved": "https://registry.npmjs.org/core-js/-/core-js-1.2.7.tgz"
        }
      }
    },
    "get-size": {
      "version": "2.0.2",
      "from": "get-size@>=2.0.2 <3.0.0",
      "resolved": "https://registry.npmjs.org/get-size/-/get-size-2.0.2.tgz"
    },
    "globals": {
      "version": "9.18.0",
      "from": "globals@>=9.0.0 <10.0.0",
      "resolved": "https://registry.npmjs.org/globals/-/globals-9.18.0.tgz"
    },
    "graphql": {
      "version": "0.9.6",
      "from": "graphql@>=0.9.6 <0.10.0",
      "resolved": "https://registry.npmjs.org/graphql/-/graphql-0.9.6.tgz"
    },
    "handlebars": {
      "version": "4.0.10",
      "from": "handlebars@>=4.0.5 <5.0.0",
      "resolved": "https://registry.npmjs.org/handlebars/-/handlebars-4.0.10.tgz"
    },
    "has-ansi": {
      "version": "2.0.0",
      "from": "has-ansi@>=2.0.0 <3.0.0",
      "resolved": "https://registry.npmjs.org/has-ansi/-/has-ansi-2.0.0.tgz"
    },
    "hi-base32": {
      "version": "0.1.1",
      "from": "hi-base32@>=0.1.1 <0.2.0",
      "resolved": "https://registry.npmjs.org/hi-base32/-/hi-base32-0.1.1.tgz"
    },
    "iconv-lite": {
      "version": "0.4.18",
      "from": "iconv-lite@>=0.4.13 <0.5.0",
      "resolved": "https://registry.npmjs.org/iconv-lite/-/iconv-lite-0.4.18.tgz"
    },
    "invariant": {
      "version": "2.2.2",
      "from": "invariant@>=2.2.0 <3.0.0",
      "resolved": "https://registry.npmjs.org/invariant/-/invariant-2.2.2.tgz"
    },
    "is-buffer": {
      "version": "1.1.5",
      "from": "is-buffer@>=1.1.5 <2.0.0",
      "resolved": "https://registry.npmjs.org/is-buffer/-/is-buffer-1.1.5.tgz"
    },
    "is-stream": {
      "version": "1.1.0",
      "from": "is-stream@>=1.0.1 <2.0.0",
      "resolved": "https://registry.npmjs.org/is-stream/-/is-stream-1.1.0.tgz"
    },
    "isomorphic-fetch": {
      "version": "2.2.1",
      "from": "isomorphic-fetch@>=2.1.1 <3.0.0",
      "resolved": "https://registry.npmjs.org/isomorphic-fetch/-/isomorphic-fetch-2.2.1.tgz"
    },
    "iterall": {
      "version": "1.1.1",
      "from": "iterall@>=1.0.0 <2.0.0",
      "resolved": "https://registry.npmjs.org/iterall/-/iterall-1.1.1.tgz"
    },
    "js-tokens": {
      "version": "3.0.2",
      "from": "js-tokens@>=3.0.0 <4.0.0",
      "resolved": "https://registry.npmjs.org/js-tokens/-/js-tokens-3.0.2.tgz"
    },
    "kind-of": {
      "version": "3.2.2",
      "from": "kind-of@>=3.0.2 <4.0.0",
      "resolved": "https://registry.npmjs.org/kind-of/-/kind-of-3.2.2.tgz"
    },
    "lazy-cache": {
      "version": "1.0.4",
      "from": "lazy-cache@>=1.0.3 <2.0.0",
      "resolved": "https://registry.npmjs.org/lazy-cache/-/lazy-cache-1.0.4.tgz",
      "optional": true
    },
    "lodash": {
      "version": "4.17.4",
      "from": "lodash@>=4.2.0 <5.0.0",
      "resolved": "https://registry.npmjs.org/lodash/-/lodash-4.17.4.tgz"
    },
    "lodash.assign": {
      "version": "4.2.0",
      "from": "lodash.assign@>=4.0.0 <5.0.0",
      "resolved": "https://registry.npmjs.org/lodash.assign/-/lodash.assign-4.2.0.tgz"
    },
    "lodash.clonedeep": {
      "version": "4.5.0",
      "from": "lodash.clonedeep@>=4.5.0 <5.0.0",
      "resolved": "https://registry.npmjs.org/lodash.clonedeep/-/lodash.clonedeep-4.5.0.tgz"
    },
    "lodash.get": {
      "version": "4.4.2",
      "from": "lodash.get@>=4.4.2 <5.0.0",
      "resolved": "https://registry.npmjs.org/lodash.get/-/lodash.get-4.4.2.tgz"
    },
    "lodash.isequal": {
      "version": "4.5.0",
      "from": "https://registry.npmjs.org/lodash.isequal/-/lodash.isequal-4.5.0.tgz",
      "resolved": "https://registry.npmjs.org/lodash.isequal/-/lodash.isequal-4.5.0.tgz"
    },
    "lodash.merge": {
      "version": "4.6.0",
      "from": "lodash.merge@4.6.0",
      "resolved": "https://registry.npmjs.org/lodash.merge/-/lodash.merge-4.6.0.tgz"
    },
    "lodash.pickby": {
      "version": "4.6.0",
      "from": "lodash.pickby@>=4.0.0 <5.0.0",
      "resolved": "https://registry.npmjs.org/lodash.pickby/-/lodash.pickby-4.6.0.tgz"
    },
    "lodash.set": {
      "version": "4.3.2",
      "from": "lodash.set@>=4.3.2 <5.0.0",
      "resolved": "https://registry.npmjs.org/lodash.set/-/lodash.set-4.3.2.tgz"
    },
    "lodash.xorwith": {
      "version": "4.5.0",
      "from": "lodash.xorwith@>=4.5.0 <5.0.0",
      "resolved": "https://registry.npmjs.org/lodash.xorwith/-/lodash.xorwith-4.5.0.tgz"
    },
    "longest": {
      "version": "1.0.1",
      "from": "longest@>=1.0.1 <2.0.0",
      "resolved": "https://registry.npmjs.org/longest/-/longest-1.0.1.tgz"
    },
    "loose-envify": {
      "version": "1.3.1",
      "from": "loose-envify@>=1.0.0 <2.0.0",
      "resolved": "https://registry.npmjs.org/loose-envify/-/loose-envify-1.3.1.tgz"
    },
    "message-box": {
      "version": "0.0.2",
      "from": "message-box@0.0.2",
      "resolved": "https://registry.npmjs.org/message-box/-/message-box-0.0.2.tgz"
    },
    "minimist": {
      "version": "0.0.10",
      "from": "minimist@>=0.0.1 <0.1.0",
      "resolved": "https://registry.npmjs.org/minimist/-/minimist-0.0.10.tgz"
    },
    "mongo-object": {
      "version": "0.0.1",
      "from": "mongo-object@0.0.1",
      "resolved": "https://registry.npmjs.org/mongo-object/-/mongo-object-0.0.1.tgz"
    },
    "ms": {
      "version": "2.0.0",
      "from": "ms@2.0.0",
      "resolved": "https://registry.npmjs.org/ms/-/ms-2.0.0.tgz"
    },
    "node-fetch": {
      "version": "1.7.1",
      "from": "node-fetch@>=1.0.1 <2.0.0",
      "resolved": "https://registry.npmjs.org/node-fetch/-/node-fetch-1.7.1.tgz"
    },
    "object-assign": {
      "version": "4.1.1",
      "from": "object-assign@>=4.1.0 <5.0.0",
      "resolved": "https://registry.npmjs.org/object-assign/-/object-assign-4.1.1.tgz"
    },
    "optimist": {
      "version": "0.6.1",
      "from": "optimist@>=0.6.1 <0.7.0",
      "resolved": "https://registry.npmjs.org/optimist/-/optimist-0.6.1.tgz"
    },
    "post-robot": {
      "version": "4.0.0",
      "from": "post-robot@4.0.0",
      "resolved": "https://registry.npmjs.org/post-robot/-/post-robot-4.0.0.tgz"
    },
    "promise": {
      "version": "7.3.1",
      "from": "promise@>=7.1.1 <8.0.0",
      "resolved": "https://registry.npmjs.org/promise/-/promise-7.3.1.tgz"
    },
    "prop-types": {
      "version": "15.5.10",
      "from": "prop-types@>=15.5.2 <16.0.0",
      "resolved": "https://registry.npmjs.org/prop-types/-/prop-types-15.5.10.tgz"
    },
    "react": {
      "version": "15.5.3",
      "from": "react@15.5.3",
      "resolved": "https://registry.npmjs.org/react/-/react-15.5.3.tgz"
    },
    "react-dom": {
      "version": "15.5.3",
      "from": "react-dom@15.5.3",
      "resolved": "https://registry.npmjs.org/react-dom/-/react-dom-15.5.3.tgz"
    },
    "regenerator-runtime": {
      "version": "0.10.5",
      "from": "regenerator-runtime@>=0.10.0 <0.11.0",
      "resolved": "https://registry.npmjs.org/regenerator-runtime/-/regenerator-runtime-0.10.5.tgz"
    },
    "repeat-string": {
      "version": "1.6.1",
      "from": "repeat-string@>=1.5.2 <2.0.0",
      "resolved": "https://registry.npmjs.org/repeat-string/-/repeat-string-1.6.1.tgz"
    },
    "right-align": {
      "version": "0.1.3",
      "from": "right-align@>=0.1.1 <0.2.0",
      "resolved": "https://registry.npmjs.org/right-align/-/right-align-0.1.3.tgz",
      "optional": true
    },
    "semantic-ui-react": {
      "version": "0.67.2",
      "from": "semantic-ui-react@0.67.2",
      "resolved": "https://registry.npmjs.org/semantic-ui-react/-/semantic-ui-react-0.67.2.tgz"
    },
    "setimmediate": {
      "version": "1.0.5",
      "from": "setimmediate@>=1.0.5 <2.0.0",
      "resolved": "https://registry.npmjs.org/setimmediate/-/setimmediate-1.0.5.tgz"
    },
    "simpl-schema": {
      "version": "0.2.3",
      "from": "simpl-schema@0.2.3",
      "resolved": "https://registry.npmjs.org/simpl-schema/-/simpl-schema-0.2.3.tgz"
    },
    "source-map": {
      "version": "0.4.4",
      "from": "source-map@>=0.4.4 <0.5.0",
      "resolved": "https://registry.npmjs.org/source-map/-/source-map-0.4.4.tgz"
    },
    "strip-ansi": {
      "version": "3.0.1",
      "from": "strip-ansi@>=3.0.0 <4.0.0",
      "resolved": "https://registry.npmjs.org/strip-ansi/-/strip-ansi-3.0.1.tgz"
    },
    "supports-color": {
      "version": "2.0.0",
      "from": "supports-color@>=2.0.0 <3.0.0",
      "resolved": "https://registry.npmjs.org/supports-color/-/supports-color-2.0.0.tgz"
    },
    "sync-browser-mocks": {
      "version": "1.0.44",
      "from": "sync-browser-mocks@>=1.0.3 <2.0.0",
      "resolved": "https://registry.npmjs.org/sync-browser-mocks/-/sync-browser-mocks-1.0.44.tgz"
    },
    "to-fast-properties": {
      "version": "1.0.3",
      "from": "to-fast-properties@>=1.0.1 <2.0.0",
      "resolved": "https://registry.npmjs.org/to-fast-properties/-/to-fast-properties-1.0.3.tgz"
    },
    "ua-parser-js": {
      "version": "0.7.13",
      "from": "ua-parser-js@>=0.7.9 <0.8.0",
      "resolved": "https://registry.npmjs.org/ua-parser-js/-/ua-parser-js-0.7.13.tgz"
    },
    "uglify-js": {
      "version": "2.8.29",
      "from": "uglify-js@>=2.6.0 <3.0.0",
      "resolved": "https://registry.npmjs.org/uglify-js/-/uglify-js-2.8.29.tgz",
      "optional": true,
      "dependencies": {
        "source-map": {
          "version": "0.5.6",
          "from": "source-map@>=0.5.1 <0.6.0",
          "resolved": "https://registry.npmjs.org/source-map/-/source-map-0.5.6.tgz",
          "optional": true
        }
      }
    },
    "uglify-to-browserify": {
      "version": "1.0.2",
      "from": "uglify-to-browserify@>=1.0.0 <1.1.0",
      "resolved": "https://registry.npmjs.org/uglify-to-browserify/-/uglify-to-browserify-1.0.2.tgz",
      "optional": true
    },
    "underscore": {
      "version": "1.8.3",
      "from": "underscore@1.8.3",
      "resolved": "https://registry.npmjs.org/underscore/-/underscore-1.8.3.tgz"
    },
    "uniforms": {
      "version": "1.17.1",
      "from": "uniforms@1.17.1",
      "resolved": "https://registry.npmjs.org/uniforms/-/uniforms-1.17.1.tgz"
    },
    "uniforms-semantic": {
      "version": "1.17.1",
      "from": "uniforms-semantic@1.17.1",
      "resolved": "https://registry.npmjs.org/uniforms-semantic/-/uniforms-semantic-1.17.1.tgz"
    },
    "whatwg-fetch": {
      "version": "2.0.3",
      "from": "whatwg-fetch@>=0.10.0",
      "resolved": "https://registry.npmjs.org/whatwg-fetch/-/whatwg-fetch-2.0.3.tgz"
    },
    "window-size": {
      "version": "0.1.0",
      "from": "window-size@0.1.0",
      "resolved": "https://registry.npmjs.org/window-size/-/window-size-0.1.0.tgz",
      "optional": true
    },
    "wordwrap": {
      "version": "0.0.3",
      "from": "wordwrap@>=0.0.2 <0.1.0",
      "resolved": "https://registry.npmjs.org/wordwrap/-/wordwrap-0.0.3.tgz"
    },
    "xcomponent": {
      "version": "1.0.125",
      "from": "xcomponent@1.0.125",
      "resolved": "https://registry.npmjs.org/xcomponent/-/xcomponent-1.0.125.tgz"
    },
    "yargs": {
      "version": "3.10.0",
      "from": "yargs@>=3.10.0 <3.11.0",
      "resolved": "https://registry.npmjs.org/yargs/-/yargs-3.10.0.tgz",
      "optional": true
    }
  }
}
